{
  "name": "zenn-content",
  "version": "1.0.0",
  "lockfileVersion": 3,
  "requires": true,
  "packages": {
    "": {
      "name": "zenn-content",
      "version": "1.0.0",
      "license": "ISC",
      "dependencies": {
        "zenn-cli": "^0.2.1"
      }
    },
    "node_modules/zenn-cli": {
      "version": "0.2.5",
      "resolved": "https://registry.npmjs.org/zenn-cli/-/zenn-cli-0.2.5.tgz",
      "integrity": "sha512-DkVcFbpmuXIKMs2pqBigj/uIYwg0M7H8lP5I5GqLil2pDVO3sTvR9PlxFPIs+x8WIyj4LTfNN/beGzLr4jiKJw==",
      "license": "MIT",
      "bin": {
        "zenn": "dist/server/zenn.js"
      },
      "engines": {
        "node": ">=22.0.0"
      }
    }
  }
}
